// !$*UTF8*$!
{
	archiveVersion = 1;
	classes = {
	};
	objectVersion = 50;
	objects = {

/* Begin PBXBuildFile section */
		6C1A26C224255940009F92D3 /* SettingsView.swift in Sources */ = {isa = PBXBuildFile; fileRef = 6C1A26C124255940009F92D3 /* SettingsView.swift */; };
		6C1A26C424255FCE009F92D3 /* InformationSection.swift in Sources */ = {isa = PBXBuildFile; fileRef = 6C1A26C324255FCE009F92D3 /* InformationSection.swift */; };
		6C61FBDE240EF32A00F59D23 /* AppDelegate.swift in Sources */ = {isa = PBXBuildFile; fileRef = 6C61FBDD240EF32A00F59D23 /* AppDelegate.swift */; };
		6C61FBE0240EF32A00F59D23 /* SceneDelegate.swift in Sources */ = {isa = PBXBuildFile; fileRef = 6C61FBDF240EF32A00F59D23 /* SceneDelegate.swift */; };
		6C61FBE2240EF32A00F59D23 /* Home.swift in Sources */ = {isa = PBXBuildFile; fileRef = 6C61FBE1240EF32A00F59D23 /* Home.swift */; };
		6C61FBE4240EF32C00F59D23 /* Assets.xcassets in Resources */ = {isa = PBXBuildFile; fileRef = 6C61FBE3240EF32C00F59D23 /* Assets.xcassets */; };
		6C61FBE7240EF32C00F59D23 /* Preview Assets.xcassets in Resources */ = {isa = PBXBuildFile; fileRef = 6C61FBE6240EF32C00F59D23 /* Preview Assets.xcassets */; };
		6C61FBEA240EF32C00F59D23 /* LaunchScreen.storyboard in Resources */ = {isa = PBXBuildFile; fileRef = 6C61FBE8240EF32C00F59D23 /* LaunchScreen.storyboard */; };
		6C92A498243E58C4006CD525 /* UserProfileView.swift in Sources */ = {isa = PBXBuildFile; fileRef = 6C92A497243E58C4006CD525 /* UserProfileView.swift */; };
		6C92A49A243E5A37006CD525 /* ClimateSettingsView.swift in Sources */ = {isa = PBXBuildFile; fileRef = 6C92A499243E5A37006CD525 /* ClimateSettingsView.swift */; };
		6C97C1D4240FFF30004B39C9 /* Gilroy-Light.ttf in Resources */ = {isa = PBXBuildFile; fileRef = 6C97C1C0240FFF2D004B39C9 /* Gilroy-Light.ttf */; };
		6C97C1D5240FFF30004B39C9 /* Gilroy-RegularItalic.ttf in Resources */ = {isa = PBXBuildFile; fileRef = 6C97C1C1240FFF2E004B39C9 /* Gilroy-RegularItalic.ttf */; };
		6C97C1D6240FFF30004B39C9 /* Gilroy-MediumItalic.ttf in Resources */ = {isa = PBXBuildFile; fileRef = 6C97C1C2240FFF2E004B39C9 /* Gilroy-MediumItalic.ttf */; };
		6C97C1D7240FFF30004B39C9 /* Gilroy-UltraLight.ttf in Resources */ = {isa = PBXBuildFile; fileRef = 6C97C1C3240FFF2E004B39C9 /* Gilroy-UltraLight.ttf */; };
		6C97C1D8240FFF30004B39C9 /* Gilroy-ExtraBoldItalic.ttf in Resources */ = {isa = PBXBuildFile; fileRef = 6C97C1C4240FFF2E004B39C9 /* Gilroy-ExtraBoldItalic.ttf */; };
		6C97C1D9240FFF30004B39C9 /* Gilroy-BoldItalic.ttf in Resources */ = {isa = PBXBuildFile; fileRef = 6C97C1C5240FFF2E004B39C9 /* Gilroy-BoldItalic.ttf */; };
		6C97C1DA240FFF30004B39C9 /* Gilroy-Thin.ttf in Resources */ = {isa = PBXBuildFile; fileRef = 6C97C1C6240FFF2E004B39C9 /* Gilroy-Thin.ttf */; };
		6C97C1DB240FFF30004B39C9 /* Gilroy-LightItalic.ttf in Resources */ = {isa = PBXBuildFile; fileRef = 6C97C1C7240FFF2E004B39C9 /* Gilroy-LightItalic.ttf */; };
		6C97C1DC240FFF30004B39C9 /* Gilroy-SemiBold.ttf in Resources */ = {isa = PBXBuildFile; fileRef = 6C97C1C8240FFF2E004B39C9 /* Gilroy-SemiBold.ttf */; };
		6C97C1DD240FFF30004B39C9 /* Gilroy-Medium.ttf in Resources */ = {isa = PBXBuildFile; fileRef = 6C97C1C9240FFF2F004B39C9 /* Gilroy-Medium.ttf */; };
		6C97C1DE240FFF30004B39C9 /* Gilroy-BlackItalic.ttf in Resources */ = {isa = PBXBuildFile; fileRef = 6C97C1CA240FFF2F004B39C9 /* Gilroy-BlackItalic.ttf */; };
		6C97C1DF240FFF30004B39C9 /* Gilroy-ExtraBold.ttf in Resources */ = {isa = PBXBuildFile; fileRef = 6C97C1CB240FFF2F004B39C9 /* Gilroy-ExtraBold.ttf */; };
		6C97C1E0240FFF30004B39C9 /* Gilroy-Black.ttf in Resources */ = {isa = PBXBuildFile; fileRef = 6C97C1CC240FFF2F004B39C9 /* Gilroy-Black.ttf */; };
		6C97C1E1240FFF30004B39C9 /* Gilroy-ThinItalic.ttf in Resources */ = {isa = PBXBuildFile; fileRef = 6C97C1CD240FFF2F004B39C9 /* Gilroy-ThinItalic.ttf */; };
		6C97C1E2240FFF30004B39C9 /* Gilroy-Regular.ttf in Resources */ = {isa = PBXBuildFile; fileRef = 6C97C1CE240FFF2F004B39C9 /* Gilroy-Regular.ttf */; };
		6C97C1E3240FFF30004B39C9 /* Gilroy-UltraLightItalic.ttf in Resources */ = {isa = PBXBuildFile; fileRef = 6C97C1CF240FFF30004B39C9 /* Gilroy-UltraLightItalic.ttf */; };
		6C97C1E4240FFF30004B39C9 /* Gilroy-Heavy.ttf in Resources */ = {isa = PBXBuildFile; fileRef = 6C97C1D0240FFF30004B39C9 /* Gilroy-Heavy.ttf */; };
		6C97C1E5240FFF30004B39C9 /* Gilroy-SemiBoldItalic.ttf in Resources */ = {isa = PBXBuildFile; fileRef = 6C97C1D1240FFF30004B39C9 /* Gilroy-SemiBoldItalic.ttf */; };
		6C97C1E6240FFF30004B39C9 /* Gilroy-Bold.ttf in Resources */ = {isa = PBXBuildFile; fileRef = 6C97C1D2240FFF30004B39C9 /* Gilroy-Bold.ttf */; };
		6C97C1E7240FFF30004B39C9 /* Gilroy-HeavyItalic.ttf in Resources */ = {isa = PBXBuildFile; fileRef = 6C97C1D3240FFF30004B39C9 /* Gilroy-HeavyItalic.ttf */; };
		6C97C1E924100998004B39C9 /* MainView.swift in Sources */ = {isa = PBXBuildFile; fileRef = 6C97C1E824100998004B39C9 /* MainView.swift */; };
		6CF9FD7C2442270A001BC95D /* CybertruckData.swift in Sources */ = {isa = PBXBuildFile; fileRef = 6CF9FD7B2442270A001BC95D /* CybertruckData.swift */; };
		6CF9FD7E24424834001BC95D /* VisualElements.swift in Sources */ = {isa = PBXBuildFile; fileRef = 6CF9FD7D24424834001BC95D /* VisualElements.swift */; };
/* End PBXBuildFile section */

/* Begin PBXFileReference section */
		6C1A26C124255940009F92D3 /* SettingsView.swift */ = {isa = PBXFileReference; lastKnownFileType = sourcecode.swift; path = SettingsView.swift; sourceTree = "<group>"; };
		6C1A26C324255FCE009F92D3 /* InformationSection.swift */ = {isa = PBXFileReference; lastKnownFileType = sourcecode.swift; path = InformationSection.swift; sourceTree = "<group>"; };
		6C61FBDA240EF32A00F59D23 /* Cybertruck | Tesla.app */ = {isa = PBXFileReference; explicitFileType = wrapper.application; includeInIndex = 0; path = "Cybertruck | Tesla.app"; sourceTree = BUILT_PRODUCTS_DIR; };
		6C61FBDD240EF32A00F59D23 /* AppDelegate.swift */ = {isa = PBXFileReference; lastKnownFileType = sourcecode.swift; path = AppDelegate.swift; sourceTree = "<group>"; };
		6C61FBDF240EF32A00F59D23 /* SceneDelegate.swift */ = {isa = PBXFileReference; lastKnownFileType = sourcecode.swift; path = SceneDelegate.swift; sourceTree = "<group>"; };
		6C61FBE1240EF32A00F59D23 /* Home.swift */ = {isa = PBXFileReference; lastKnownFileType = sourcecode.swift; path = Home.swift; sourceTree = "<group>"; };
		6C61FBE3240EF32C00F59D23 /* Assets.xcassets */ = {isa = PBXFileReference; lastKnownFileType = folder.assetcatalog; path = Assets.xcassets; sourceTree = "<group>"; };
		6C61FBE6240EF32C00F59D23 /* Preview Assets.xcassets */ = {isa = PBXFileReference; lastKnownFileType = folder.assetcatalog; path = "Preview Assets.xcassets"; sourceTree = "<group>"; };
		6C61FBE9240EF32C00F59D23 /* Base */ = {isa = PBXFileReference; lastKnownFileType = file.storyboard; name = Base; path = Base.lproj/LaunchScreen.storyboard; sourceTree = "<group>"; };
		6C61FBEB240EF32C00F59D23 /* Info.plist */ = {isa = PBXFileReference; lastKnownFileType = text.plist.xml; path = Info.plist; sourceTree = "<group>"; };
		6C92A497243E58C4006CD525 /* UserProfileView.swift */ = {isa = PBXFileReference; lastKnownFileType = sourcecode.swift; path = UserProfileView.swift; sourceTree = "<group>"; };
		6C92A499243E5A37006CD525 /* ClimateSettingsView.swift */ = {isa = PBXFileReference; lastKnownFileType = sourcecode.swift; path = ClimateSettingsView.swift; sourceTree = "<group>"; };
		6C97C1C0240FFF2D004B39C9 /* Gilroy-Light.ttf */ = {isa = PBXFileReference; lastKnownFileType = file; path = "Gilroy-Light.ttf"; sourceTree = "<group>"; };
		6C97C1C1240FFF2E004B39C9 /* Gilroy-RegularItalic.ttf */ = {isa = PBXFileReference; lastKnownFileType = file; path = "Gilroy-RegularItalic.ttf"; sourceTree = "<group>"; };
		6C97C1C2240FFF2E004B39C9 /* Gilroy-MediumItalic.ttf */ = {isa = PBXFileReference; lastKnownFileType = file; path = "Gilroy-MediumItalic.ttf"; sourceTree = "<group>"; };
		6C97C1C3240FFF2E004B39C9 /* Gilroy-UltraLight.ttf */ = {isa = PBXFileReference; lastKnownFileType = file; path = "Gilroy-UltraLight.ttf"; sourceTree = "<group>"; };
		6C97C1C4240FFF2E004B39C9 /* Gilroy-ExtraBoldItalic.ttf */ = {isa = PBXFileReference; lastKnownFileType = file; path = "Gilroy-ExtraBoldItalic.ttf"; sourceTree = "<group>"; };
		6C97C1C5240FFF2E004B39C9 /* Gilroy-BoldItalic.ttf */ = {isa = PBXFileReference; lastKnownFileType = file; path = "Gilroy-BoldItalic.ttf"; sourceTree = "<group>"; };
		6C97C1C6240FFF2E004B39C9 /* Gilroy-Thin.ttf */ = {isa = PBXFileReference; lastKnownFileType = file; path = "Gilroy-Thin.ttf"; sourceTree = "<group>"; };
		6C97C1C7240FFF2E004B39C9 /* Gilroy-LightItalic.ttf */ = {isa = PBXFileReference; lastKnownFileType = file; path = "Gilroy-LightItalic.ttf"; sourceTree = "<group>"; };
		6C97C1C8240FFF2E004B39C9 /* Gilroy-SemiBold.ttf */ = {isa = PBXFileReference; lastKnownFileType = file; path = "Gilroy-SemiBold.ttf"; sourceTree = "<group>"; };
		6C97C1C9240FFF2F004B39C9 /* Gilroy-Medium.ttf */ = {isa = PBXFileReference; lastKnownFileType = file; path = "Gilroy-Medium.ttf"; sourceTree = "<group>"; };
		6C97C1CA240FFF2F004B39C9 /* Gilroy-BlackItalic.ttf */ = {isa = PBXFileReference; lastKnownFileType = file; path = "Gilroy-BlackItalic.ttf"; sourceTree = "<group>"; };
		6C97C1CB240FFF2F004B39C9 /* Gilroy-ExtraBold.ttf */ = {isa = PBXFileReference; lastKnownFileType = file; path = "Gilroy-ExtraBold.ttf"; sourceTree = "<group>"; };
		6C97C1CC240FFF2F004B39C9 /* Gilroy-Black.ttf */ = {isa = PBXFileReference; lastKnownFileType = file; path = "Gilroy-Black.ttf"; sourceTree = "<group>"; };
		6C97C1CD240FFF2F004B39C9 /* Gilroy-ThinItalic.ttf */ = {isa = PBXFileReference; lastKnownFileType = file; path = "Gilroy-ThinItalic.ttf"; sourceTree = "<group>"; };
		6C97C1CE240FFF2F004B39C9 /* Gilroy-Regular.ttf */ = {isa = PBXFileReference; lastKnownFileType = file; path = "Gilroy-Regular.ttf"; sourceTree = "<group>"; };
		6C97C1CF240FFF30004B39C9 /* Gilroy-UltraLightItalic.ttf */ = {isa = PBXFileReference; lastKnownFileType = file; path = "Gilroy-UltraLightItalic.ttf"; sourceTree = "<group>"; };
		6C97C1D0240FFF30004B39C9 /* Gilroy-Heavy.ttf */ = {isa = PBXFileReference; lastKnownFileType = file; path = "Gilroy-Heavy.ttf"; sourceTree = "<group>"; };
		6C97C1D1240FFF30004B39C9 /* Gilroy-SemiBoldItalic.ttf */ = {isa = PBXFileReference; lastKnownFileType = file; path = "Gilroy-SemiBoldItalic.ttf"; sourceTree = "<group>"; };
		6C97C1D2240FFF30004B39C9 /* Gilroy-Bold.ttf */ = {isa = PBXFileReference; lastKnownFileType = file; path = "Gilroy-Bold.ttf"; sourceTree = "<group>"; };
		6C97C1D3240FFF30004B39C9 /* Gilroy-HeavyItalic.ttf */ = {isa = PBXFileReference; lastKnownFileType = file; path = "Gilroy-HeavyItalic.ttf"; sourceTree = "<group>"; };
		6C97C1E824100998004B39C9 /* MainView.swift */ = {isa = PBXFileReference; lastKnownFileType = sourcecode.swift; path = MainView.swift; sourceTree = "<group>"; };
		6CF9FD7B2442270A001BC95D /* CybertruckData.swift */ = {isa = PBXFileReference; lastKnownFileType = sourcecode.swift; path = CybertruckData.swift; sourceTree = "<group>"; };
		6CF9FD7D24424834001BC95D /* VisualElements.swift */ = {isa = PBXFileReference; lastKnownFileType = sourcecode.swift; path = VisualElements.swift; sourceTree = "<group>"; };
/* End PBXFileReference section */

/* Begin PBXFrameworksBuildPhase section */
		6C61FBD7240EF32A00F59D23 /* Frameworks */ = {
			isa = PBXFrameworksBuildPhase;
			buildActionMask = 2147483647;
			files = (
			);
			runOnlyForDeploymentPostprocessing = 0;
		};
/* End PBXFrameworksBuildPhase section */

/* Begin PBXGroup section */
		6C61FBD1240EF32900F59D23 = {
			isa = PBXGroup;
			children = (
				6C61FBDC240EF32A00F59D23 /* Cybertruck | Tesla */,
				6C61FBDB240EF32A00F59D23 /* Products */,
			);
			sourceTree = "<group>";
		};
		6C61FBDB240EF32A00F59D23 /* Products */ = {
			isa = PBXGroup;
			children = (
				6C61FBDA240EF32A00F59D23 /* Cybertruck | Tesla.app */,
			);
			name = Products;
			sourceTree = "<group>";
		};
		6C61FBDC240EF32A00F59D23 /* Cybertruck | Tesla */ = {
			isa = PBXGroup;
			children = (
				6C61FBDD240EF32A00F59D23 /* AppDelegate.swift */,
				6C61FBDF240EF32A00F59D23 /* SceneDelegate.swift */,
				6C61FBE1240EF32A00F59D23 /* Home.swift */,
				6C97C1E824100998004B39C9 /* MainView.swift */,
				6C1A26C324255FCE009F92D3 /* InformationSection.swift */,
				6C1A26C124255940009F92D3 /* SettingsView.swift */,
				6C92A497243E58C4006CD525 /* UserProfileView.swift */,
				6C92A499243E5A37006CD525 /* ClimateSettingsView.swift */,
				6CF9FD7B2442270A001BC95D /* CybertruckData.swift */,
				6CF9FD7D24424834001BC95D /* VisualElements.swift */,
				6C61FBE3240EF32C00F59D23 /* Assets.xcassets */,
				6C61FBE8240EF32C00F59D23 /* LaunchScreen.storyboard */,
				6C61FBEB240EF32C00F59D23 /* Info.plist */,
				6C97C1BF240FFF16004B39C9 /* Fonts */,
				6C61FBE5240EF32C00F59D23 /* Preview Content */,
			);
			path = "Cybertruck | Tesla";
			sourceTree = "<group>";
		};
		6C61FBE5240EF32C00F59D23 /* Preview Content */ = {
			isa = PBXGroup;
			children = (
				6C61FBE6240EF32C00F59D23 /* Preview Assets.xcassets */,
			);
			path = "Preview Content";
			sourceTree = "<group>";
		};
		6C97C1BF240FFF16004B39C9 /* Fonts */ = {
			isa = PBXGroup;
			children = (
				6C97C1CC240FFF2F004B39C9 /* Gilroy-Black.ttf */,
				6C97C1CA240FFF2F004B39C9 /* Gilroy-BlackItalic.ttf */,
				6C97C1D2240FFF30004B39C9 /* Gilroy-Bold.ttf */,
				6C97C1C5240FFF2E004B39C9 /* Gilroy-BoldItalic.ttf */,
				6C97C1CB240FFF2F004B39C9 /* Gilroy-ExtraBold.ttf */,
				6C97C1C4240FFF2E004B39C9 /* Gilroy-ExtraBoldItalic.ttf */,
				6C97C1D0240FFF30004B39C9 /* Gilroy-Heavy.ttf */,
				6C97C1D3240FFF30004B39C9 /* Gilroy-HeavyItalic.ttf */,
				6C97C1C0240FFF2D004B39C9 /* Gilroy-Light.ttf */,
				6C97C1C7240FFF2E004B39C9 /* Gilroy-LightItalic.ttf */,
				6C97C1C9240FFF2F004B39C9 /* Gilroy-Medium.ttf */,
				6C97C1C2240FFF2E004B39C9 /* Gilroy-MediumItalic.ttf */,
				6C97C1CE240FFF2F004B39C9 /* Gilroy-Regular.ttf */,
				6C97C1C1240FFF2E004B39C9 /* Gilroy-RegularItalic.ttf */,
				6C97C1C8240FFF2E004B39C9 /* Gilroy-SemiBold.ttf */,
				6C97C1D1240FFF30004B39C9 /* Gilroy-SemiBoldItalic.ttf */,
				6C97C1C6240FFF2E004B39C9 /* Gilroy-Thin.ttf */,
				6C97C1CD240FFF2F004B39C9 /* Gilroy-ThinItalic.ttf */,
				6C97C1C3240FFF2E004B39C9 /* Gilroy-UltraLight.ttf */,
				6C97C1CF240FFF30004B39C9 /* Gilroy-UltraLightItalic.ttf */,
			);
			path = Fonts;
			sourceTree = "<group>";
		};
/* End PBXGroup section */

/* Begin PBXNativeTarget section */
		6C61FBD9240EF32A00F59D23 /* Cybertruck | Tesla */ = {
			isa = PBXNativeTarget;
			buildConfigurationList = 6C61FBEE240EF32C00F59D23 /* Build configuration list for PBXNativeTarget "Cybertruck | Tesla" */;
			buildPhases = (
				6C61FBD6240EF32A00F59D23 /* Sources */,
				6C61FBD7240EF32A00F59D23 /* Frameworks */,
				6C61FBD8240EF32A00F59D23 /* Resources */,
			);
			buildRules = (
			);
			dependencies = (
			);
			name = "Cybertruck | Tesla";
			productName = "Cybertruck | Tesla";
			productReference = 6C61FBDA240EF32A00F59D23 /* Cybertruck | Tesla.app */;
			productType = "com.apple.product-type.application";
		};
/* End PBXNativeTarget section */

/* Begin PBXProject section */
		6C61FBD2240EF32900F59D23 /* Project object */ = {
			isa = PBXProject;
			attributes = {
				LastSwiftUpdateCheck = 1130;
				LastUpgradeCheck = 1130;
				ORGANIZATIONNAME = "constantine kos";
				TargetAttributes = {
					6C61FBD9240EF32A00F59D23 = {
						CreatedOnToolsVersion = 11.3.1;
					};
				};
			};
			buildConfigurationList = 6C61FBD5240EF32900F59D23 /* Build configuration list for PBXProject "Cybertruck | Tesla" */;
			compatibilityVersion = "Xcode 9.3";
			developmentRegion = en;
			hasScannedForEncodings = 0;
			knownRegions = (
				en,
				Base,
			);
			mainGroup = 6C61FBD1240EF32900F59D23;
			productRefGroup = 6C61FBDB240EF32A00F59D23 /* Products */;
			projectDirPath = "";
			projectRoot = "";
			targets = (
				6C61FBD9240EF32A00F59D23 /* Cybertruck | Tesla */,
			);
		};
/* End PBXProject section */

/* Begin PBXResourcesBuildPhase section */
		6C61FBD8240EF32A00F59D23 /* Resources */ = {
			isa = PBXResourcesBuildPhase;
			buildActionMask = 2147483647;
			files = (
				6C97C1E7240FFF30004B39C9 /* Gilroy-HeavyItalic.ttf in Resources */,
				6C97C1DE240FFF30004B39C9 /* Gilroy-BlackItalic.ttf in Resources */,
				6C97C1DD240FFF30004B39C9 /* Gilroy-Medium.ttf in Resources */,
				6C61FBEA240EF32C00F59D23 /* LaunchScreen.storyboard in Resources */,
				6C97C1D6240FFF30004B39C9 /* Gilroy-MediumItalic.ttf in Resources */,
				6C97C1E5240FFF30004B39C9 /* Gilroy-SemiBoldItalic.ttf in Resources */,
				6C97C1E1240FFF30004B39C9 /* Gilroy-ThinItalic.ttf in Resources */,
				6C97C1E4240FFF30004B39C9 /* Gilroy-Heavy.ttf in Resources */,
				6C97C1E2240FFF30004B39C9 /* Gilroy-Regular.ttf in Resources */,
				6C97C1DA240FFF30004B39C9 /* Gilroy-Thin.ttf in Resources */,
				6C97C1D9240FFF30004B39C9 /* Gilroy-BoldItalic.ttf in Resources */,
				6C61FBE7240EF32C00F59D23 /* Preview Assets.xcassets in Resources */,
				6C97C1DF240FFF30004B39C9 /* Gilroy-ExtraBold.ttf in Resources */,
				6C97C1D7240FFF30004B39C9 /* Gilroy-UltraLight.ttf in Resources */,
				6C97C1E3240FFF30004B39C9 /* Gilroy-UltraLightItalic.ttf in Resources */,
				6C97C1D8240FFF30004B39C9 /* Gilroy-ExtraBoldItalic.ttf in Resources */,
				6C97C1E0240FFF30004B39C9 /* Gilroy-Black.ttf in Resources */,
				6C97C1D5240FFF30004B39C9 /* Gilroy-RegularItalic.ttf in Resources */,
				6C97C1D4240FFF30004B39C9 /* Gilroy-Light.ttf in Resources */,
				6C97C1DC240FFF30004B39C9 /* Gilroy-SemiBold.ttf in Resources */,
				6C61FBE4240EF32C00F59D23 /* Assets.xcassets in Resources */,
				6C97C1DB240FFF30004B39C9 /* Gilroy-LightItalic.ttf in Resources */,
				6C97C1E6240FFF30004B39C9 /* Gilroy-Bold.ttf in Resources */,
			);
			runOnlyForDeploymentPostprocessing = 0;
		};
/* End PBXResourcesBuildPhase section */

/* Begin PBXSourcesBuildPhase section */
		6C61FBD6240EF32A00F59D23 /* Sources */ = {
			isa = PBXSourcesBuildPhase;
			buildActionMask = 2147483647;
			files = (
				6C92A498243E58C4006CD525 /* UserProfileView.swift in Sources */,
				6C1A26C224255940009F92D3 /* SettingsView.swift in Sources */,
				6CF9FD7E24424834001BC95D /* VisualElements.swift in Sources */,
				6C61FBDE240EF32A00F59D23 /* AppDelegate.swift in Sources */,
				6C97C1E924100998004B39C9 /* MainView.swift in Sources */,
				6C61FBE0240EF32A00F59D23 /* SceneDelegate.swift in Sources */,
				6C1A26C424255FCE009F92D3 /* InformationSection.swift in Sources */,
				6C61FBE2240EF32A00F59D23 /* Home.swift in Sources */,
				6C92A49A243E5A37006CD525 /* ClimateSettingsView.swift in Sources */,
				6CF9FD7C2442270A001BC95D /* CybertruckData.swift in Sources */,
			);
			runOnlyForDeploymentPostprocessing = 0;
		};
/* End PBXSourcesBuildPhase section */

/* Begin PBXVariantGroup section */
		6C61FBE8240EF32C00F59D23 /* LaunchScreen.storyboard */ = {
			isa = PBXVariantGroup;
			children = (
				6C61FBE9240EF32C00F59D23 /* Base */,
			);
			name = LaunchScreen.storyboard;
			sourceTree = "<group>";
		};
/* End PBXVariantGroup section */

/* Begin XCBuildConfiguration section */
		6C61FBEC240EF32C00F59D23 /* Debug */ = {
			isa = XCBuildConfiguration;
			buildSettings = {
				ALWAYS_SEARCH_USER_PATHS = NO;
				CLANG_ANALYZER_NONNULL = YES;
				CLANG_ANALYZER_NUMBER_OBJECT_CONVERSION = YES_AGGRESSIVE;
				CLANG_CXX_LANGUAGE_STANDARD = "gnu++14";
				CLANG_CXX_LIBRARY = "libc++";
				CLANG_ENABLE_MODULES = YES;
				CLANG_ENABLE_OBJC_ARC = YES;
				CLANG_ENABLE_OBJC_WEAK = YES;
				CLANG_WARN_BLOCK_CAPTURE_AUTORELEASING = YES;
				CLANG_WARN_BOOL_CONVERSION = YES;
				CLANG_WARN_COMMA = YES;
				CLANG_WARN_CONSTANT_CONVERSION = YES;
				CLANG_WARN_DEPRECATED_OBJC_IMPLEMENTATIONS = YES;
				CLANG_WARN_DIRECT_OBJC_ISA_USAGE = YES_ERROR;
				CLANG_WARN_DOCUMENTATION_COMMENTS = YES;
				CLANG_WARN_EMPTY_BODY = YES;
				CLANG_WARN_ENUM_CONVERSION = YES;
				CLANG_WARN_INFINITE_RECURSION = YES;
				CLANG_WARN_INT_CONVERSION = YES;
				CLANG_WARN_NON_LITERAL_NULL_CONVERSION = YES;
				CLANG_WARN_OBJC_IMPLICIT_RETAIN_SELF = YES;
				CLANG_WARN_OBJC_LITERAL_CONVERSION = YES;
				CLANG_WARN_OBJC_ROOT_CLASS = YES_ERROR;
				CLANG_WARN_RANGE_LOOP_ANALYSIS = YES;
				CLANG_WARN_STRICT_PROTOTYPES = YES;
				CLANG_WARN_SUSPICIOUS_MOVE = YES;
				CLANG_WARN_UNGUARDED_AVAILABILITY = YES_AGGRESSIVE;
				CLANG_WARN_UNREACHABLE_CODE = YES;
				CLANG_WARN__DUPLICATE_METHOD_MATCH = YES;
				COPY_PHASE_STRIP = NO;
				DEBUG_INFORMATION_FORMAT = dwarf;
				ENABLE_STRICT_OBJC_MSGSEND = YES;
				ENABLE_TESTABILITY = YES;
				GCC_C_LANGUAGE_STANDARD = gnu11;
				GCC_DYNAMIC_NO_PIC = NO;
				GCC_NO_COMMON_BLOCKS = YES;
				GCC_OPTIMIZATION_LEVEL = 0;
				GCC_PREPROCESSOR_DEFINITIONS = (
					"DEBUG=1",
					"$(inherited)",
				);
				GCC_WARN_64_TO_32_BIT_CONVERSION = YES;
				GCC_WARN_ABOUT_RETURN_TYPE = YES_ERROR;
				GCC_WARN_UNDECLARED_SELECTOR = YES;
				GCC_WARN_UNINITIALIZED_AUTOS = YES_AGGRESSIVE;
				GCC_WARN_UNUSED_FUNCTION = YES;
				GCC_WARN_UNUSED_VARIABLE = YES;
				IPHONEOS_DEPLOYMENT_TARGET = 13.2;
				MTL_ENABLE_DEBUG_INFO = INCLUDE_SOURCE;
				MTL_FAST_MATH = YES;
				ONLY_ACTIVE_ARCH = YES;
				SDKROOT = iphoneos;
				SWIFT_ACTIVE_COMPILATION_CONDITIONS = DEBUG;
				SWIFT_OPTIMIZATION_LEVEL = "-Onone";
			};
			name = Debug;
		};
		6C61FBED240EF32C00F59D23 /* Release */ = {
			isa = XCBuildConfiguration;
			buildSettings = {
				ALWAYS_SEARCH_USER_PATHS = NO;
				CLANG_ANALYZER_NONNULL = YES;
				CLANG_ANALYZER_NUMBER_OBJECT_CONVERSION = YES_AGGRESSIVE;
				CLANG_CXX_LANGUAGE_STANDARD = "gnu++14";
				CLANG_CXX_LIBRARY = "libc++";
				CLANG_ENABLE_MODULES = YES;
				CLANG_ENABLE_OBJC_ARC = YES;
				CLANG_ENABLE_OBJC_WEAK = YES;
				CLANG_WARN_BLOCK_CAPTURE_AUTORELEASING = YES;
				CLANG_WARN_BOOL_CONVERSION = YES;
				CLANG_WARN_COMMA = YES;
				CLANG_WARN_CONSTANT_CONVERSION = YES;
				CLANG_WARN_DEPRECATED_OBJC_IMPLEMENTATIONS = YES;
				CLANG_WARN_DIRECT_OBJC_ISA_USAGE = YES_ERROR;
				CLANG_WARN_DOCUMENTATION_COMMENTS = YES;
				CLANG_WARN_EMPTY_BODY = YES;
				CLANG_WARN_ENUM_CONVERSION = YES;
				CLANG_WARN_INFINITE_RECURSION = YES;
				CLANG_WARN_INT_CONVERSION = YES;
				CLANG_WARN_NON_LITERAL_NULL_CONVERSION = YES;
				CLANG_WARN_OBJC_IMPLICIT_RETAIN_SELF = YES;
				CLANG_WARN_OBJC_LITERAL_CONVERSION = YES;
				CLANG_WARN_OBJC_ROOT_CLASS = YES_ERROR;
				CLANG_WARN_RANGE_LOOP_ANALYSIS = YES;
				CLANG_WARN_STRICT_PROTOTYPES = YES;
				CLANG_WARN_SUSPICIOUS_MOVE = YES;
				CLANG_WARN_UNGUARDED_AVAILABILITY = YES_AGGRESSIVE;
				CLANG_WARN_UNREACHABLE_CODE = YES;
				CLANG_WARN__DUPLICATE_METHOD_MATCH = YES;
				COPY_PHASE_STRIP = NO;
				DEBUG_INFORMATION_FORMAT = "dwarf-with-dsym";
				ENABLE_NS_ASSERTIONS = NO;
				ENABLE_STRICT_OBJC_MSGSEND = YES;
				GCC_C_LANGUAGE_STANDARD = gnu11;
				GCC_NO_COMMON_BLOCKS = YES;
				GCC_WARN_64_TO_32_BIT_CONVERSION = YES;
				GCC_WARN_ABOUT_RETURN_TYPE = YES_ERROR;
				GCC_WARN_UNDECLARED_SELECTOR = YES;
				GCC_WARN_UNINITIALIZED_AUTOS = YES_AGGRESSIVE;
				GCC_WARN_UNUSED_FUNCTION = YES;
				GCC_WARN_UNUSED_VARIABLE = YES;
				IPHONEOS_DEPLOYMENT_TARGET = 13.2;
				MTL_ENABLE_DEBUG_INFO = NO;
				MTL_FAST_MATH = YES;
				SDKROOT = iphoneos;
				SWIFT_COMPILATION_MODE = wholemodule;
				SWIFT_OPTIMIZATION_LEVEL = "-O";
				VALIDATE_PRODUCT = YES;
			};
			name = Release;
		};
		6C61FBEF240EF32C00F59D23 /* Debug */ = {
			isa = XCBuildConfiguration;
			buildSettings = {
				ASSETCATALOG_COMPILER_APPICON_NAME = AppIcon;
				CODE_SIGN_STYLE = Automatic;
				DEVELOPMENT_ASSET_PATHS = "\"Cybertruck | Tesla/Preview Content\"";
				DEVELOPMENT_TEAM = 44WM28369B;
				ENABLE_PREVIEWS = YES;
				INFOPLIST_FILE = "Cybertruck | Tesla/Info.plist";
				LD_RUNPATH_SEARCH_PATHS = (
					"$(inherited)",
					"@executable_path/Frameworks",
				);
				PRODUCT_BUNDLE_IDENTIFIER = "io.constantinekos.Cybertruck---Tesla";
				PRODUCT_NAME = "$(TARGET_NAME)";
				SWIFT_VERSION = 5.0;
				TARGETED_DEVICE_FAMILY = "1,2";
			};
			name = Debug;
		};
		6C61FBF0240EF32C00F59D23 /* Release */ = {
			isa = XCBuildConfiguration;
			buildSettings = {
				ASSETCATALOG_COMPILER_APPICON_NAME = AppIcon;
				CODE_SIGN_STYLE = Automatic;
				DEVELOPMENT_ASSET_PATHS = "\"Cybertruck | Tesla/Preview Content\"";
				DEVELOPMENT_TEAM = 44WM28369B;
				ENABLE_PREVIEWS = YES;
				INFOPLIST_FILE = "Cybertruck | Tesla/Info.plist";
				LD_RUNPATH_SEARCH_PATHS = (
					"$(inherited)",
					"@executable_path/Frameworks",
				);
				PRODUCT_BUNDLE_IDENTIFIER = "io.constantinekos.Cybertruck---Tesla";
				PRODUCT_NAME = "$(TARGET_NAME)";
				SWIFT_VERSION = 5.0;
				TARGETED_DEVICE_FAMILY = "1,2";
			};
			name = Release;
		};
/* End XCBuildConfiguration section */

/* Begin XCConfigurationList section */
		6C61FBD5240EF32900F59D23 /* Build configuration list for PBXProject "Cybertruck | Tesla" */ = {
			isa = XCConfigurationList;
			buildConfigurations = (
				6C61FBEC240EF32C00F59D23 /* Debug */,
				6C61FBED240EF32C00F59D23 /* Release */,
			);
			defaultConfigurationIsVisible = 0;
			defaultConfigurationName = Release;
		};
		6C61FBEE240EF32C00F59D23 /* Build configuration list for PBXNativeTarget "Cybertruck | Tesla" */ = {
			isa = XCConfigurationList;
			buildConfigurations = (
				6C61FBEF240EF32C00F59D23 /* Debug */,
				6C61FBF0240EF32C00F59D23 /* Release */,
			);
			defaultConfigurationIsVisible = 0;
			defaultConfigurationName = Release;
		};
/* End XCConfigurationList section */
	};
	rootObject = 6C61FBD2240EF32900F59D23 /* Project object */;
}
